// !$*UTF8*$!
{
	archiveVersion = 1;
	classes = {
	};
	objectVersion = 50;
	objects = {

/* Begin PBXBuildFile section */
		BC3CDF6B25640C2500DE77BF /* Bookworm.xcdatamodeld in Sources */ = {isa = PBXBuildFile; fileRef = BC3CDF6925640C2500DE77BF /* Bookworm.xcdatamodeld */; };
		BC3CDF6E2564374000DE77BF /* AddBookView.swift in Sources */ = {isa = PBXBuildFile; fileRef = BC3CDF6D2564374000DE77BF /* AddBookView.swift */; };
		BC3CDF7125643F4A00DE77BF /* RatingView.swift in Sources */ = {isa = PBXBuildFile; fileRef = BC3CDF7025643F4A00DE77BF /* RatingView.swift */; };
		BC3CDF742564514D00DE77BF /* EmojiRatingView.swift in Sources */ = {isa = PBXBuildFile; fileRef = BC3CDF732564514D00DE77BF /* EmojiRatingView.swift */; };
		BC3CDF7725660D4500DE77BF /* DetailView.swift in Sources */ = {isa = PBXBuildFile; fileRef = BC3CDF7625660D4500DE77BF /* DetailView.swift */; };
		BC5BBD932562FB2D003EAE97 /* BookwormApp.swift in Sources */ = {isa = PBXBuildFile; fileRef = BC5BBD922562FB2D003EAE97 /* BookwormApp.swift */; };
		BC5BBD952562FB2D003EAE97 /* ContentView.swift in Sources */ = {isa = PBXBuildFile; fileRef = BC5BBD942562FB2D003EAE97 /* ContentView.swift */; };
		BC5BBD972562FB2E003EAE97 /* Assets.xcassets in Resources */ = {isa = PBXBuildFile; fileRef = BC5BBD962562FB2E003EAE97 /* Assets.xcassets */; };
		BC5BBD9A2562FB2E003EAE97 /* Preview Assets.xcassets in Resources */ = {isa = PBXBuildFile; fileRef = BC5BBD992562FB2E003EAE97 /* Preview Assets.xcassets */; };
		BC5BBD9C2562FB2E003EAE97 /* Persistence.swift in Sources */ = {isa = PBXBuildFile; fileRef = BC5BBD9B2562FB2E003EAE97 /* Persistence.swift */; };
/* End PBXBuildFile section */

/* Begin PBXFileReference section */
		BC3CDF6A25640C2500DE77BF /* Bookworm.xcdatamodel */ = {isa = PBXFileReference; lastKnownFileType = wrapper.xcdatamodel; path = Bookworm.xcdatamodel; sourceTree = "<group>"; };
		BC3CDF6D2564374000DE77BF /* AddBookView.swift */ = {isa = PBXFileReference; lastKnownFileType = sourcecode.swift; path = AddBookView.swift; sourceTree = "<group>"; };
		BC3CDF7025643F4A00DE77BF /* RatingView.swift */ = {isa = PBXFileReference; lastKnownFileType = sourcecode.swift; path = RatingView.swift; sourceTree = "<group>"; };
		BC3CDF732564514D00DE77BF /* EmojiRatingView.swift */ = {isa = PBXFileReference; lastKnownFileType = sourcecode.swift; path = EmojiRatingView.swift; sourceTree = "<group>"; };
		BC3CDF7625660D4500DE77BF /* DetailView.swift */ = {isa = PBXFileReference; lastKnownFileType = sourcecode.swift; path = DetailView.swift; sourceTree = "<group>"; };
		BC5BBD8F2562FB2D003EAE97 /* Bookworm.app */ = {isa = PBXFileReference; explicitFileType = wrapper.application; includeInIndex = 0; path = Bookworm.app; sourceTree = BUILT_PRODUCTS_DIR; };
		BC5BBD922562FB2D003EAE97 /* BookwormApp.swift */ = {isa = PBXFileReference; lastKnownFileType = sourcecode.swift; path = BookwormApp.swift; sourceTree = "<group>"; };
		BC5BBD942562FB2D003EAE97 /* ContentView.swift */ = {isa = PBXFileReference; lastKnownFileType = sourcecode.swift; path = ContentView.swift; sourceTree = "<group>"; };
		BC5BBD962562FB2E003EAE97 /* Assets.xcassets */ = {isa = PBXFileReference; lastKnownFileType = folder.assetcatalog; path = Assets.xcassets; sourceTree = "<group>"; };
		BC5BBD992562FB2E003EAE97 /* Preview Assets.xcassets */ = {isa = PBXFileReference; lastKnownFileType = folder.assetcatalog; path = "Preview Assets.xcassets"; sourceTree = "<group>"; };
		BC5BBD9B2562FB2E003EAE97 /* Persistence.swift */ = {isa = PBXFileReference; lastKnownFileType = sourcecode.swift; path = Persistence.swift; sourceTree = "<group>"; };
		BC5BBDA02562FB2E003EAE97 /* Info.plist */ = {isa = PBXFileReference; lastKnownFileType = text.plist.xml; path = Info.plist; sourceTree = "<group>"; };
/* End PBXFileReference section */

/* Begin PBXFrameworksBuildPhase section */
		BC5BBD8C2562FB2D003EAE97 /* Frameworks */ = {
			isa = PBXFrameworksBuildPhase;
			buildActionMask = 2147483647;
			files = (
			);
			runOnlyForDeploymentPostprocessing = 0;
		};
/* End PBXFrameworksBuildPhase section */

/* Begin PBXGroup section */
		BC5BBD862562FB2D003EAE97 = {
			isa = PBXGroup;
			children = (
				BC5BBD912562FB2D003EAE97 /* Bookworm */,
				BC5BBD902562FB2D003EAE97 /* Products */,
			);
			sourceTree = "<group>";
		};
		BC5BBD902562FB2D003EAE97 /* Products */ = {
			isa = PBXGroup;
			children = (
				BC5BBD8F2562FB2D003EAE97 /* Bookworm.app */,
			);
			name = Products;
			sourceTree = "<group>";
		};
		BC5BBD912562FB2D003EAE97 /* Bookworm */ = {
			isa = PBXGroup;
			children = (
				BC5BBD922562FB2D003EAE97 /* BookwormApp.swift */,
				BC5BBD942562FB2D003EAE97 /* ContentView.swift */,
				BC3CDF7025643F4A00DE77BF /* RatingView.swift */,
				BC3CDF6D2564374000DE77BF /* AddBookView.swift */,
				BC3CDF732564514D00DE77BF /* EmojiRatingView.swift */,
				BC5BBD962562FB2E003EAE97 /* Assets.xcassets */,
				BC5BBD9B2562FB2E003EAE97 /* Persistence.swift */,
				BC5BBDA02562FB2E003EAE97 /* Info.plist */,
				BC3CDF6925640C2500DE77BF /* Bookworm.xcdatamodeld */,
				BC5BBD982562FB2E003EAE97 /* Preview Content */,
				BC3CDF7625660D4500DE77BF /* DetailView.swift */,
			);
			path = Bookworm;
			sourceTree = "<group>";
		};
		BC5BBD982562FB2E003EAE97 /* Preview Content */ = {
			isa = PBXGroup;
			children = (
				BC5BBD992562FB2E003EAE97 /* Preview Assets.xcassets */,
			);
			path = "Preview Content";
			sourceTree = "<group>";
		};
/* End PBXGroup section */

/* Begin PBXNativeTarget section */
		BC5BBD8E2562FB2D003EAE97 /* Bookworm */ = {
			isa = PBXNativeTarget;
			buildConfigurationList = BC5BBDA32562FB2E003EAE97 /* Build configuration list for PBXNativeTarget "Bookworm" */;
			buildPhases = (
				BC5BBD8B2562FB2D003EAE97 /* Sources */,
				BC5BBD8C2562FB2D003EAE97 /* Frameworks */,
				BC5BBD8D2562FB2D003EAE97 /* Resources */,
			);
			buildRules = (
			);
			dependencies = (
			);
			name = Bookworm;
			productName = Bookworm;
			productReference = BC5BBD8F2562FB2D003EAE97 /* Bookworm.app */;
			productType = "com.apple.product-type.application";
		};
/* End PBXNativeTarget section */

/* Begin PBXProject section */
		BC5BBD872562FB2D003EAE97 /* Project object */ = {
			isa = PBXProject;
			attributes = {
				LastSwiftUpdateCheck = 1220;
				LastUpgradeCheck = 1220;
				TargetAttributes = {
					BC5BBD8E2562FB2D003EAE97 = {
						CreatedOnToolsVersion = 12.2;
					};
				};
			};
			buildConfigurationList = BC5BBD8A2562FB2D003EAE97 /* Build configuration list for PBXProject "Bookworm" */;
			compatibilityVersion = "Xcode 9.3";
			developmentRegion = en;
			hasScannedForEncodings = 0;
			knownRegions = (
				en,
				Base,
			);
			mainGroup = BC5BBD862562FB2D003EAE97;
			productRefGroup = BC5BBD902562FB2D003EAE97 /* Products */;
			projectDirPath = "";
			projectRoot = "";
			targets = (
				BC5BBD8E2562FB2D003EAE97 /* Bookworm */,
			);
		};
/* End PBXProject section */

/* Begin PBXResourcesBuildPhase section */
		BC5BBD8D2562FB2D003EAE97 /* Resources */ = {
			isa = PBXResourcesBuildPhase;
			buildActionMask = 2147483647;
			files = (
				BC5BBD9A2562FB2E003EAE97 /* Preview Assets.xcassets in Resources */,
				BC5BBD972562FB2E003EAE97 /* Assets.xcassets in Resources */,
			);
			runOnlyForDeploymentPostprocessing = 0;
		};
/* End PBXResourcesBuildPhase section */

/* Begin PBXSourcesBuildPhase section */
		BC5BBD8B2562FB2D003EAE97 /* Sources */ = {
			isa = PBXSourcesBuildPhase;
			buildActionMask = 2147483647;
			files = (
				BC5BBD9C2562FB2E003EAE97 /* Persistence.swift in Sources */,
				BC3CDF7725660D4500DE77BF /* DetailView.swift in Sources */,
				BC3CDF6B25640C2500DE77BF /* Bookworm.xcdatamodeld in Sources */,
				BC3CDF742564514D00DE77BF /* EmojiRatingView.swift in Sources */,
				BC5BBD952562FB2D003EAE97 /* ContentView.swift in Sources */,
				BC3CDF7125643F4A00DE77BF /* RatingView.swift in Sources */,
				BC5BBD932562FB2D003EAE97 /* BookwormApp.swift in Sources */,
				BC3CDF6E2564374000DE77BF /* AddBookView.swift in Sources */,
			);
			runOnlyForDeploymentPostprocessing = 0;
		};
/* End PBXSourcesBuildPhase section */

/* Begin XCBuildConfiguration section */
		BC5BBDA12562FB2E003EAE97 /* Debug */ = {
			isa = XCBuildConfiguration;
			buildSettings = {
				ALWAYS_SEARCH_USER_PATHS = NO;
				CLANG_ANALYZER_NONNULL = YES;
				CLANG_ANALYZER_NUMBER_OBJECT_CONVERSION = YES_AGGRESSIVE;
				CLANG_CXX_LANGUAGE_STANDARD = "gnu++14";
				CLANG_CXX_LIBRARY = "libc++";
				CLANG_ENABLE_MODULES = YES;
				CLANG_ENABLE_OBJC_ARC = YES;
				CLANG_ENABLE_OBJC_WEAK = YES;
				CLANG_WARN_BLOCK_CAPTURE_AUTORELEASING = YES;
				CLANG_WARN_BOOL_CONVERSION = YES;
				CLANG_WARN_COMMA = YES;
				CLANG_WARN_CONSTANT_CONVERSION = YES;
				CLANG_WARN_DEPRECATED_OBJC_IMPLEMENTATIONS = YES;
				CLANG_WARN_DIRECT_OBJC_ISA_USAGE = YES_ERROR;
				CLANG_WARN_DOCUMENTATION_COMMENTS = YES;
				CLANG_WARN_EMPTY_BODY = YES;
				CLANG_WARN_ENUM_CONVERSION = YES;
				CLANG_WARN_INFINITE_RECURSION = YES;
				CLANG_WARN_INT_CONVERSION = YES;
				CLANG_WARN_NON_LITERAL_NULL_CONVERSION = YES;
				CLANG_WARN_OBJC_IMPLICIT_RETAIN_SELF = YES;
				CLANG_WARN_OBJC_LITERAL_CONVERSION = YES;
				CLANG_WARN_OBJC_ROOT_CLASS = YES_ERROR;
				CLANG_WARN_QUOTED_INCLUDE_IN_FRAMEWORK_HEADER = YES;
				CLANG_WARN_RANGE_LOOP_ANALYSIS = YES;
				CLANG_WARN_STRICT_PROTOTYPES = YES;
				CLANG_WARN_SUSPICIOUS_MOVE = YES;
				CLANG_WARN_UNGUARDED_AVAILABILITY = YES_AGGRESSIVE;
				CLANG_WARN_UNREACHABLE_CODE = YES;
				CLANG_WARN__DUPLICATE_METHOD_MATCH = YES;
				COPY_PHASE_STRIP = NO;
				DEBUG_INFORMATION_FORMAT = dwarf;
				ENABLE_STRICT_OBJC_MSGSEND = YES;
				ENABLE_TESTABILITY = YES;
				GCC_C_LANGUAGE_STANDARD = gnu11;
				GCC_DYNAMIC_NO_PIC = NO;
				GCC_NO_COMMON_BLOCKS = YES;
				GCC_OPTIMIZATION_LEVEL = 0;
				GCC_PREPROCESSOR_DEFINITIONS = (
					"DEBUG=1",
					"$(inherited)",
				);
				GCC_WARN_64_TO_32_BIT_CONVERSION = YES;
				GCC_WARN_ABOUT_RETURN_TYPE = YES_ERROR;
				GCC_WARN_UNDECLARED_SELECTOR = YES;
				GCC_WARN_UNINITIALIZED_AUTOS = YES_AGGRESSIVE;
				GCC_WARN_UNUSED_FUNCTION = YES;
				GCC_WARN_UNUSED_VARIABLE = YES;
				IPHONEOS_DEPLOYMENT_TARGET = 14.2;
				MTL_ENABLE_DEBUG_INFO = INCLUDE_SOURCE;
				MTL_FAST_MATH = YES;
				ONLY_ACTIVE_ARCH = YES;
				SDKROOT = iphoneos;
				SWIFT_ACTIVE_COMPILATION_CONDITIONS = DEBUG;
				SWIFT_OPTIMIZATION_LEVEL = "-Onone";
			};
			name = Debug;
		};
		BC5BBDA22562FB2E003EAE97 /* Release */ = {
			isa = XCBuildConfiguration;
			buildSettings = {
				ALWAYS_SEARCH_USER_PATHS = NO;
				CLANG_ANALYZER_NONNULL = YES;
				CLANG_ANALYZER_NUMBER_OBJECT_CONVERSION = YES_AGGRESSIVE;
				CLANG_CXX_LANGUAGE_STANDARD = "gnu++14";
				CLANG_CXX_LIBRARY = "libc++";
				CLANG_ENABLE_MODULES = YES;
				CLANG_ENABLE_OBJC_ARC = YES;
				CLANG_ENABLE_OBJC_WEAK = YES;
				CLANG_WARN_BLOCK_CAPTURE_AUTORELEASING = YES;
				CLANG_WARN_BOOL_CONVERSION = YES;
				CLANG_WARN_COMMA = YES;
				CLANG_WARN_CONSTANT_CONVERSION = YES;
				CLANG_WARN_DEPRECATED_OBJC_IMPLEMENTATIONS = YES;
				CLANG_WARN_DIRECT_OBJC_ISA_USAGE = YES_ERROR;
				CLANG_WARN_DOCUMENTATION_COMMENTS = YES;
				CLANG_WARN_EMPTY_BODY = YES;
				CLANG_WARN_ENUM_CONVERSION = YES;
				CLANG_WARN_INFINITE_RECURSION = YES;
				CLANG_WARN_INT_CONVERSION = YES;
				CLANG_WARN_NON_LITERAL_NULL_CONVERSION = YES;
				CLANG_WARN_OBJC_IMPLICIT_RETAIN_SELF = YES;
				CLANG_WARN_OBJC_LITERAL_CONVERSION = YES;
				CLANG_WARN_OBJC_ROOT_CLASS = YES_ERROR;
				CLANG_WARN_QUOTED_INCLUDE_IN_FRAMEWORK_HEADER = YES;
				CLANG_WARN_RANGE_LOOP_ANALYSIS = YES;
				CLANG_WARN_STRICT_PROTOTYPES = YES;
				CLANG_WARN_SUSPICIOUS_MOVE = YES;
				CLANG_WARN_UNGUARDED_AVAILABILITY = YES_AGGRESSIVE;
				CLANG_WARN_UNREACHABLE_CODE = YES;
				CLANG_WARN__DUPLICATE_METHOD_MATCH = YES;
				COPY_PHASE_STRIP = NO;
				DEBUG_INFORMATION_FORMAT = "dwarf-with-dsym";
				ENABLE_NS_ASSERTIONS = NO;
				ENABLE_STRICT_OBJC_MSGSEND = YES;
				GCC_C_LANGUAGE_STANDARD = gnu11;
				GCC_NO_COMMON_BLOCKS = YES;
				GCC_WARN_64_TO_32_BIT_CONVERSION = YES;
				GCC_WARN_ABOUT_RETURN_TYPE = YES_ERROR;
				GCC_WARN_UNDECLARED_SELECTOR = YES;
				GCC_WARN_UNINITIALIZED_AUTOS = YES_AGGRESSIVE;
				GCC_WARN_UNUSED_FUNCTION = YES;
				GCC_WARN_UNUSED_VARIABLE = YES;
				IPHONEOS_DEPLOYMENT_TARGET = 14.2;
				MTL_ENABLE_DEBUG_INFO = NO;
				MTL_FAST_MATH = YES;
				SDKROOT = iphoneos;
				SWIFT_COMPILATION_MODE = wholemodule;
				SWIFT_OPTIMIZATION_LEVEL = "-O";
				VALIDATE_PRODUCT = YES;
			};
			name = Release;
		};
		BC5BBDA42562FB2E003EAE97 /* Debug */ = {
			isa = XCBuildConfiguration;
			buildSettings = {
				ASSETCATALOG_COMPILER_APPICON_NAME = AppIcon;
				ASSETCATALOG_COMPILER_GLOBAL_ACCENT_COLOR_NAME = AccentColor;
				CODE_SIGN_STYLE = Automatic;
				DEVELOPMENT_ASSET_PATHS = "\"Bookworm/Preview Content\"";
				DEVELOPMENT_TEAM = 85X77AD2MQ;
				ENABLE_PREVIEWS = YES;
				INFOPLIST_FILE = Bookworm/Info.plist;
				IPHONEOS_DEPLOYMENT_TARGET = 14.0;
				LD_RUNPATH_SEARCH_PATHS = (
					"$(inherited)",
					"@executable_path/Frameworks",
				);
				PRODUCT_BUNDLE_IDENTIFIER = com.julietterapala.Bookworm;
				PRODUCT_NAME = "$(TARGET_NAME)";
				SWIFT_VERSION = 5.0;
				TARGETED_DEVICE_FAMILY = "1,2";
			};
			name = Debug;
		};
		BC5BBDA52562FB2E003EAE97 /* Release */ = {
			isa = XCBuildConfiguration;
			buildSettings = {
				ASSETCATALOG_COMPILER_APPICON_NAME = AppIcon;
				ASSETCATALOG_COMPILER_GLOBAL_ACCENT_COLOR_NAME = AccentColor;
				CODE_SIGN_STYLE = Automatic;
				DEVELOPMENT_ASSET_PATHS = "\"Bookworm/Preview Content\"";
				DEVELOPMENT_TEAM = 85X77AD2MQ;
				ENABLE_PREVIEWS = YES;
				INFOPLIST_FILE = Bookworm/Info.plist;
				IPHONEOS_DEPLOYMENT_TARGET = 14.0;
				LD_RUNPATH_SEARCH_PATHS = (
					"$(inherited)",
					"@executable_path/Frameworks",
				);
				PRODUCT_BUNDLE_IDENTIFIER = com.julietterapala.Bookworm;
				PRODUCT_NAME = "$(TARGET_NAME)";
				SWIFT_VERSION = 5.0;
				TARGETED_DEVICE_FAMILY = "1,2";
			};
			name = Release;
		};
/* End XCBuildConfiguration section */

/* Begin XCConfigurationList section */
		BC5BBD8A2562FB2D003EAE97 /* Build configuration list for PBXProject "Bookworm" */ = {
			isa = XCConfigurationList;
			buildConfigurations = (
				BC5BBDA12562FB2E003EAE97 /* Debug */,
				BC5BBDA22562FB2E003EAE97 /* Release */,
			);
			defaultConfigurationIsVisible = 0;
			defaultConfigurationName = Release;
		};
		BC5BBDA32562FB2E003EAE97 /* Build configuration list for PBXNativeTarget "Bookworm" */ = {
			isa = XCConfigurationList;
			buildConfigurations = (
				BC5BBDA42562FB2E003EAE97 /* Debug */,
				BC5BBDA52562FB2E003EAE97 /* Release */,
			);
			defaultConfigurationIsVisible = 0;
			defaultConfigurationName = Release;
		};
/* End XCConfigurationList section */

/* Begin XCVersionGroup section */
		BC3CDF6925640C2500DE77BF /* Bookworm.xcdatamodeld */ = {
			isa = XCVersionGroup;
			children = (
				BC3CDF6A25640C2500DE77BF /* Bookworm.xcdatamodel */,
			);
			currentVersion = BC3CDF6A25640C2500DE77BF /* Bookworm.xcdatamodel */;
			path = Bookworm.xcdatamodeld;
			sourceTree = "<group>";
			versionGroupType = wrapper.xcdatamodel;
		};
/* End XCVersionGroup section */
	};
	rootObject = BC5BBD872562FB2D003EAE97 /* Project object */;
}
